# This file is automatically @generated by Cargo.
# It is not intended for manual editing.
version = 4

[[package]]
name = "zown-ast"
version = "0.1.0"

[[package]]
name = "zown-cli"
version = "0.1.0"
dependencies = [
 "zown-ast",
 "zown-ir",
 "zown-lexer",
 "zown-parser",
 "zown-vm",
 "zown-wasm",
]

[[package]]
name = "zown-ir"
version = "0.1.0"
dependencies = [
 "zown-ast",
 "zown-parser",
]

[[package]]
name = "zown-lexer"
version = "0.1.0"

[[package]]
name = "zown-parser"
version = "0.1.0"
dependencies = [
 "zown-ast",
 "zown-lexer",
]

[[package]]
name = "zown-vm"
version = "0.1.0"
dependencies = [
 "zown-ast",
 "zown-parser",
]

[[package]]
name = "zown-wasm"
version = "0.1.0"
dependencies = [
 "zown-ir",
]
